
Microsoft Visual Studio Solution File, Format Version 12.00
# Visual Studio Version 17
VisualStudioVersion = 17.4.33122.133
MinimumVisualStudioVersion = 10.0.40219.1
Project("{FAE04EC0-301F-11D3-BF4B-00C04F79EFBC}") = "WebApplication2", "WebApplication2\WebApplication2.csproj", "{F52430FF-6AF7-4701-8794-E14AD63FBD2C}"
EndProject
Global
	GlobalSection(SolutionConfigurationPlatforms) = preSolution
		Debug|Any CPU = Debug|Any CPU
		Release|Any CPU = Release|Any CPU
	EndGlobalSection
	GlobalSection(ProjectConfigurationPlatforms) = postSolution
		{F52430FF-6AF7-4701-8794-E14AD63FBD2C}.Debug|Any CPU.ActiveCfg = Debug|Any CPU
		{F52430FF-6AF7-4701-8794-E14AD63FBD2C}.Debug|Any CPU.Build.0 = Debug|Any CPU
		{F52430FF-6AF7-4701-8794-E14AD63FBD2C}.Release|Any CPU.ActiveCfg = Release|Any CPU
		{F52430FF-6AF7-4701-8794-E14AD63FBD2C}.Release|Any CPU.Build.0 = Release|Any CPU
	EndGlobalSection
	GlobalSection(SolutionProperties) = preSolution
		HideSolutionNode = FALSE
	EndGlobalSection
	GlobalSection(ExtensibilityGlobals) = postSolution
		SolutionGuid = {882E30ED-A526-4326-A694-22DE2431F593}
	EndGlobalSection
EndGlobal
